// !$*UTF8*$!
{
	archiveVersion = 1;
	classes = {
	};
	objectVersion = 46;
	objects = {

/* Begin PBXBuildFile section */
		D98355A71E4C11BF00C7B92D /* HDTableViewCell.swift in Sources */ = {isa = PBXBuildFile; fileRef = D98355A61E4C11BF00C7B92D /* HDTableViewCell.swift */; };
		D98355AB1E4C185C00C7B92D /* FDDBaseCellModel.swift in Sources */ = {isa = PBXBuildFile; fileRef = D98355AA1E4C185C00C7B92D /* FDDBaseCellModel.swift */; };
		D9FDC5C11E49C01D00F2A60F /* AppDelegate.swift in Sources */ = {isa = PBXBuildFile; fileRef = D9FDC5C01E49C01D00F2A60F /* AppDelegate.swift */; };
		D9FDC5C31E49C01D00F2A60F /* ViewController.swift in Sources */ = {isa = PBXBuildFile; fileRef = D9FDC5C21E49C01D00F2A60F /* ViewController.swift */; };
		D9FDC5C61E49C01D00F2A60F /* Main.storyboard in Resources */ = {isa = PBXBuildFile; fileRef = D9FDC5C41E49C01D00F2A60F /* Main.storyboard */; };
		D9FDC5C81E49C01D00F2A60F /* Assets.xcassets in Resources */ = {isa = PBXBuildFile; fileRef = D9FDC5C71E49C01D00F2A60F /* Assets.xcassets */; };
		D9FDC5CB1E49C01D00F2A60F /* LaunchScreen.storyboard in Resources */ = {isa = PBXBuildFile; fileRef = D9FDC5C91E49C01D00F2A60F /* LaunchScreen.storyboard */; };
		D9FDC5D51E49C50300F2A60F /* FDDBaseTableViewCell.swift in Sources */ = {isa = PBXBuildFile; fileRef = D9FDC5D41E49C50300F2A60F /* FDDBaseTableViewCell.swift */; };
/* End PBXBuildFile section */

/* Begin PBXFileReference section */
		D98355A61E4C11BF00C7B92D /* HDTableViewCell.swift */ = {isa = PBXFileReference; fileEncoding = 4; lastKnownFileType = sourcecode.swift; path = HDTableViewCell.swift; sourceTree = "<group>"; };
		D98355AA1E4C185C00C7B92D /* FDDBaseCellModel.swift */ = {isa = PBXFileReference; fileEncoding = 4; lastKnownFileType = sourcecode.swift; path = FDDBaseCellModel.swift; sourceTree = "<group>"; };
		D9FDC5BD1E49C01D00F2A60F /* FDDUITableViewDemo.app */ = {isa = PBXFileReference; explicitFileType = wrapper.application; includeInIndex = 0; path = FDDUITableViewDemo.app; sourceTree = BUILT_PRODUCTS_DIR; };
		D9FDC5C01E49C01D00F2A60F /* AppDelegate.swift */ = {isa = PBXFileReference; lastKnownFileType = sourcecode.swift; path = AppDelegate.swift; sourceTree = "<group>"; };
		D9FDC5C21E49C01D00F2A60F /* ViewController.swift */ = {isa = PBXFileReference; lastKnownFileType = sourcecode.swift; path = ViewController.swift; sourceTree = "<group>"; };
		D9FDC5C51E49C01D00F2A60F /* Base */ = {isa = PBXFileReference; lastKnownFileType = file.storyboard; name = Base; path = Base.lproj/Main.storyboard; sourceTree = "<group>"; };
		D9FDC5C71E49C01D00F2A60F /* Assets.xcassets */ = {isa = PBXFileReference; lastKnownFileType = folder.assetcatalog; path = Assets.xcassets; sourceTree = "<group>"; };
		D9FDC5CA1E49C01D00F2A60F /* Base */ = {isa = PBXFileReference; lastKnownFileType = file.storyboard; name = Base; path = Base.lproj/LaunchScreen.storyboard; sourceTree = "<group>"; };
		D9FDC5CC1E49C01D00F2A60F /* Info.plist */ = {isa = PBXFileReference; lastKnownFileType = text.plist.xml; path = Info.plist; sourceTree = "<group>"; };
		D9FDC5D41E49C50300F2A60F /* FDDBaseTableViewCell.swift */ = {isa = PBXFileReference; fileEncoding = 4; lastKnownFileType = sourcecode.swift; path = FDDBaseTableViewCell.swift; sourceTree = "<group>"; };
/* End PBXFileReference section */

/* Begin PBXFrameworksBuildPhase section */
		D9FDC5BA1E49C01D00F2A60F /* Frameworks */ = {
			isa = PBXFrameworksBuildPhase;
			buildActionMask = 2147483647;
			files = (
			);
			runOnlyForDeploymentPostprocessing = 0;
		};
/* End PBXFrameworksBuildPhase section */

/* Begin PBXGroup section */
		D98355A91E4C182300C7B92D /* FDDBaseRepo */ = {
			isa = PBXGroup;
			children = (
				D98355AA1E4C185C00C7B92D /* FDDBaseCellModel.swift */,
				D9FDC5D41E49C50300F2A60F /* FDDBaseTableViewCell.swift */,
			);
			name = FDDBaseRepo;
			sourceTree = "<group>";
		};
		D9FDC5B41E49C01D00F2A60F = {
			isa = PBXGroup;
			children = (
				D9FDC5BF1E49C01D00F2A60F /* FDDUITableViewDemo */,
				D9FDC5BE1E49C01D00F2A60F /* Products */,
			);
			sourceTree = "<group>";
		};
		D9FDC5BE1E49C01D00F2A60F /* Products */ = {
			isa = PBXGroup;
			children = (
				D9FDC5BD1E49C01D00F2A60F /* FDDUITableViewDemo.app */,
			);
			name = Products;
			sourceTree = "<group>";
		};
		D9FDC5BF1E49C01D00F2A60F /* FDDUITableViewDemo */ = {
			isa = PBXGroup;
			children = (
				D9FDC5C01E49C01D00F2A60F /* AppDelegate.swift */,
				D9FDC5C21E49C01D00F2A60F /* ViewController.swift */,
				D98355A61E4C11BF00C7B92D /* HDTableViewCell.swift */,
				D9FDC5C41E49C01D00F2A60F /* Main.storyboard */,
				D9FDC5C71E49C01D00F2A60F /* Assets.xcassets */,
				D9FDC5C91E49C01D00F2A60F /* LaunchScreen.storyboard */,
				D9FDC5CC1E49C01D00F2A60F /* Info.plist */,
				D98355A91E4C182300C7B92D /* FDDBaseRepo */,
			);
			path = FDDUITableViewDemo;
			sourceTree = "<group>";
		};
/* End PBXGroup section */

/* Begin PBXNativeTarget section */
		D9FDC5BC1E49C01D00F2A60F /* FDDUITableViewDemo */ = {
			isa = PBXNativeTarget;
			buildConfigurationList = D9FDC5CF1E49C01D00F2A60F /* Build configuration list for PBXNativeTarget "FDDUITableViewDemo" */;
			buildPhases = (
				D9FDC5B91E49C01D00F2A60F /* Sources */,
				D9FDC5BA1E49C01D00F2A60F /* Frameworks */,
				D9FDC5BB1E49C01D00F2A60F /* Resources */,
			);
			buildRules = (
			);
			dependencies = (
			);
			name = FDDUITableViewDemo;
			productName = FDDUITableViewDemo;
			productReference = D9FDC5BD1E49C01D00F2A60F /* FDDUITableViewDemo.app */;
			productType = "com.apple.product-type.application";
		};
/* End PBXNativeTarget section */

/* Begin PBXProject section */
		D9FDC5B51E49C01D00F2A60F /* Project object */ = {
			isa = PBXProject;
			attributes = {
				LastSwiftUpdateCheck = 0820;
				LastUpgradeCheck = 0820;
				ORGANIZATIONNAME = denglibing;
				TargetAttributes = {
					D9FDC5BC1E49C01D00F2A60F = {
						CreatedOnToolsVersion = 8.2.1;
						LastSwiftMigration = 0820;
						ProvisioningStyle = Manual;
					};
				};
			};
			buildConfigurationList = D9FDC5B81E49C01D00F2A60F /* Build configuration list for PBXProject "FDDUITableViewDemo" */;
			compatibilityVersion = "Xcode 3.2";
			developmentRegion = English;
			hasScannedForEncodings = 0;
			knownRegions = (
				en,
				Base,
			);
			mainGroup = D9FDC5B41E49C01D00F2A60F;
			productRefGroup = D9FDC5BE1E49C01D00F2A60F /* Products */;
			projectDirPath = "";
			projectRoot = "";
			targets = (
				D9FDC5BC1E49C01D00F2A60F /* FDDUITableViewDemo */,
			);
		};
/* End PBXProject section */

/* Begin PBXResourcesBuildPhase section */
		D9FDC5BB1E49C01D00F2A60F /* Resources */ = {
			isa = PBXResourcesBuildPhase;
			buildActionMask = 2147483647;
			files = (
				D9FDC5CB1E49C01D00F2A60F /* LaunchScreen.storyboard in Resources */,
				D9FDC5C81E49C01D00F2A60F /* Assets.xcassets in Resources */,
				D9FDC5C61E49C01D00F2A60F /* Main.storyboard in Resources */,
			);
			runOnlyForDeploymentPostprocessing = 0;
		};
/* End PBXResourcesBuildPhase section */

/* Begin PBXSourcesBuildPhase section */
		D9FDC5B91E49C01D00F2A60F /* Sources */ = {
			isa = PBXSourcesBuildPhase;
			buildActionMask = 2147483647;
			files = (
				D9FDC5C31E49C01D00F2A60F /* ViewController.swift in Sources */,
				D9FDC5D51E49C50300F2A60F /* FDDBaseTableViewCell.swift in Sources */,
				D98355AB1E4C185C00C7B92D /* FDDBaseCellModel.swift in Sources */,
				D9FDC5C11E49C01D00F2A60F /* AppDelegate.swift in Sources */,
				D98355A71E4C11BF00C7B92D /* HDTableViewCell.swift in Sources */,
			);
			runOnlyForDeploymentPostprocessing = 0;
		};
/* End PBXSourcesBuildPhase section */

/* Begin PBXVariantGroup section */
		D9FDC5C41E49C01D00F2A60F /* Main.storyboard */ = {
			isa = PBXVariantGroup;
			children = (
				D9FDC5C51E49C01D00F2A60F /* Base */,
			);
			name = Main.storyboard;
			sourceTree = "<group>";
		};
		D9FDC5C91E49C01D00F2A60F /* LaunchScreen.storyboard */ = {
			isa = PBXVariantGroup;
			children = (
				D9FDC5CA1E49C01D00F2A60F /* Base */,
			);
			name = LaunchScreen.storyboard;
			sourceTree = "<group>";
		};
/* End PBXVariantGroup section */

/* Begin XCBuildConfiguration section */
		D9FDC5CD1E49C01D00F2A60F /* Debug */ = {
			isa = XCBuildConfiguration;
			buildSettings = {
				ALWAYS_SEARCH_USER_PATHS = NO;
				CLANG_ANALYZER_NONNULL = YES;
				CLANG_CXX_LANGUAGE_STANDARD = "gnu++0x";
				CLANG_CXX_LIBRARY = "libc++";
				CLANG_ENABLE_MODULES = YES;
				CLANG_ENABLE_OBJC_ARC = YES;
				CLANG_WARN_BOOL_CONVERSION = YES;
				CLANG_WARN_CONSTANT_CONVERSION = YES;
				CLANG_WARN_DIRECT_OBJC_ISA_USAGE = YES_ERROR;
				CLANG_WARN_DOCUMENTATION_COMMENTS = YES;
				CLANG_WARN_EMPTY_BODY = YES;
				CLANG_WARN_ENUM_CONVERSION = YES;
				CLANG_WARN_INFINITE_RECURSION = YES;
				CLANG_WARN_INT_CONVERSION = YES;
				CLANG_WARN_OBJC_ROOT_CLASS = YES_ERROR;
				CLANG_WARN_SUSPICIOUS_MOVE = YES;
				CLANG_WARN_UNREACHABLE_CODE = YES;
				CLANG_WARN__DUPLICATE_METHOD_MATCH = YES;
				"CODE_SIGN_IDENTITY[sdk=iphoneos*]" = "iPhone Developer";
				COPY_PHASE_STRIP = NO;
				DEBUG_INFORMATION_FORMAT = dwarf;
				ENABLE_STRICT_OBJC_MSGSEND = YES;
				ENABLE_TESTABILITY = YES;
				GCC_C_LANGUAGE_STANDARD = gnu99;
				GCC_DYNAMIC_NO_PIC = NO;
				GCC_NO_COMMON_BLOCKS = YES;
				GCC_OPTIMIZATION_LEVEL = 0;
				GCC_PREPROCESSOR_DEFINITIONS = (
					"DEBUG=1",
					"$(inherited)",
				);
				GCC_WARN_64_TO_32_BIT_CONVERSION = YES;
				GCC_WARN_ABOUT_RETURN_TYPE = YES_ERROR;
				GCC_WARN_UNDECLARED_SELECTOR = YES;
				GCC_WARN_UNINITIALIZED_AUTOS = YES_AGGRESSIVE;
				GCC_WARN_UNUSED_FUNCTION = YES;
				GCC_WARN_UNUSED_VARIABLE = YES;
				IPHONEOS_DEPLOYMENT_TARGET = 10.2;
				MTL_ENABLE_DEBUG_INFO = YES;
				ONLY_ACTIVE_ARCH = YES;
				SDKROOT = iphoneos;
				SWIFT_ACTIVE_COMPILATION_CONDITIONS = DEBUG;
				SWIFT_OPTIMIZATION_LEVEL = "-Onone";
			};
			name = Debug;
		};
		D9FDC5CE1E49C01D00F2A60F /* Release */ = {
			isa = XCBuildConfiguration;
			buildSettings = {
				ALWAYS_SEARCH_USER_PATHS = NO;
				CLANG_ANALYZER_NONNULL = YES;
				CLANG_CXX_LANGUAGE_STANDARD = "gnu++0x";
				CLANG_CXX_LIBRARY = "libc++";
				CLANG_ENABLE_MODULES = YES;
				CLANG_ENABLE_OBJC_ARC = YES;
				CLANG_WARN_BOOL_CONVERSION = YES;
				CLANG_WARN_CONSTANT_CONVERSION = YES;
				CLANG_WARN_DIRECT_OBJC_ISA_USAGE = YES_ERROR;
				CLANG_WARN_DOCUMENTATION_COMMENTS = YES;
				CLANG_WARN_EMPTY_BODY = YES;
				CLANG_WARN_ENUM_CONVERSION = YES;
				CLANG_WARN_INFINITE_RECURSION = YES;
				CLANG_WARN_INT_CONVERSION = YES;
				CLANG_WARN_OBJC_ROOT_CLASS = YES_ERROR;
				CLANG_WARN_SUSPICIOUS_MOVE = YES;
				CLANG_WARN_UNREACHABLE_CODE = YES;
				CLANG_WARN__DUPLICATE_METHOD_MATCH = YES;
				"CODE_SIGN_IDENTITY[sdk=iphoneos*]" = "iPhone Developer";
				COPY_PHASE_STRIP = NO;
				DEBUG_INFORMATION_FORMAT = "dwarf-with-dsym";
				ENABLE_NS_ASSERTIONS = NO;
				ENABLE_STRICT_OBJC_MSGSEND = YES;
				GCC_C_LANGUAGE_STANDARD = gnu99;
				GCC_NO_COMMON_BLOCKS = YES;
				GCC_WARN_64_TO_32_BIT_CONVERSION = YES;
				GCC_WARN_ABOUT_RETURN_TYPE = YES_ERROR;
				GCC_WARN_UNDECLARED_SELECTOR = YES;
				GCC_WARN_UNINITIALIZED_AUTOS = YES_AGGRESSIVE;
				GCC_WARN_UNUSED_FUNCTION = YES;
				GCC_WARN_UNUSED_VARIABLE = YES;
				IPHONEOS_DEPLOYMENT_TARGET = 10.2;
				MTL_ENABLE_DEBUG_INFO = NO;
				SDKROOT = iphoneos;
				SWIFT_OPTIMIZATION_LEVEL = "-Owholemodule";
				VALIDATE_PRODUCT = YES;
			};
			name = Release;
		};
		D9FDC5D01E49C01D00F2A60F /* Debug */ = {
			isa = XCBuildConfiguration;
			buildSettings = {
				ASSETCATALOG_COMPILER_APPICON_NAME = AppIcon;
				CLANG_ENABLE_MODULES = YES;
				DEVELOPMENT_TEAM = "";
				INFOPLIST_FILE = FDDUITableViewDemo/Info.plist;
				LD_RUNPATH_SEARCH_PATHS = "$(inherited) @executable_path/Frameworks";
				PRODUCT_BUNDLE_IDENTIFIER = com.harry.FDDUITableViewDemo;
				PRODUCT_NAME = "$(TARGET_NAME)";
				SWIFT_OBJC_BRIDGING_HEADER = "";
				SWIFT_OPTIMIZATION_LEVEL = "-Onone";
				SWIFT_VERSION = 3.0;
			};
			name = Debug;
		};
		D9FDC5D11E49C01D00F2A60F /* Release */ = {
			isa = XCBuildConfiguration;
			buildSettings = {
				ASSETCATALOG_COMPILER_APPICON_NAME = AppIcon;
				CLANG_ENABLE_MODULES = YES;
				DEVELOPMENT_TEAM = "";
				INFOPLIST_FILE = FDDUITableViewDemo/Info.plist;
				LD_RUNPATH_SEARCH_PATHS = "$(inherited) @executable_path/Frameworks";
				PRODUCT_BUNDLE_IDENTIFIER = com.harry.FDDUITableViewDemo;
				PRODUCT_NAME = "$(TARGET_NAME)";
				SWIFT_OBJC_BRIDGING_HEADER = "";
				SWIFT_VERSION = 3.0;
			};
			name = Release;
		};
/* End XCBuildConfiguration section */

/* Begin XCConfigurationList section */
		D9FDC5B81E49C01D00F2A60F /* Build configuration list for PBXProject "FDDUITableViewDemo" */ = {
			isa = XCConfigurationList;
			buildConfigurations = (
				D9FDC5CD1E49C01D00F2A60F /* Debug */,
				D9FDC5CE1E49C01D00F2A60F /* Release */,
			);
			defaultConfigurationIsVisible = 0;
			defaultConfigurationName = Release;
		};
		D9FDC5CF1E49C01D00F2A60F /* Build configuration list for PBXNativeTarget "FDDUITableViewDemo" */ = {
			isa = XCConfigurationList;
			buildConfigurations = (
				D9FDC5D01E49C01D00F2A60F /* Debug */,
				D9FDC5D11E49C01D00F2A60F /* Release */,
			);
			defaultConfigurationIsVisible = 0;
			defaultConfigurationName = Release;
		};
/* End XCConfigurationList section */
	};
	rootObject = D9FDC5B51E49C01D00F2A60F /* Project object */;
}
