// !$*UTF8*$!
{
	archiveVersion = 1;
	classes = {
	};
	objectVersion = 46;
	objects = {

/* Begin PBXBuildFile section */
		117BD991BB9C2D627CAF0627 /* Pods_FDDUITableViewDemoSwift.framework in Frameworks */ = {isa = PBXBuildFile; fileRef = 938E67FE327BFB3E6CE35FA8 /* Pods_FDDUITableViewDemoSwift.framework */; };
		D903485B1E541CD500C9F626 /* AppDelegate.swift in Sources */ = {isa = PBXBuildFile; fileRef = D903484E1E541CD500C9F626 /* AppDelegate.swift */; };
		D903485C1E541CD500C9F626 /* Assets.xcassets in Resources */ = {isa = PBXBuildFile; fileRef = D903484F1E541CD500C9F626 /* Assets.xcassets */; };
		D903485D1E541CD500C9F626 /* LaunchScreen.storyboard in Resources */ = {isa = PBXBuildFile; fileRef = D90348501E541CD500C9F626 /* LaunchScreen.storyboard */; };
		D903485E1E541CD500C9F626 /* Main.storyboard in Resources */ = {isa = PBXBuildFile; fileRef = D90348521E541CD500C9F626 /* Main.storyboard */; };
		D90348631E541CD500C9F626 /* HDTableViewCell.swift in Sources */ = {isa = PBXBuildFile; fileRef = D90348581E541CD500C9F626 /* HDTableViewCell.swift */; };
		D90348641E541CD500C9F626 /* Info.plist in Resources */ = {isa = PBXBuildFile; fileRef = D90348591E541CD500C9F626 /* Info.plist */; };
		D90348651E541CD500C9F626 /* ViewController.swift in Sources */ = {isa = PBXBuildFile; fileRef = D903485A1E541CD500C9F626 /* ViewController.swift */; };
		D903486B1E541D6300C9F626 /* FDDBaseTableViewCell.swift in Sources */ = {isa = PBXBuildFile; fileRef = D90348671E541D6300C9F626 /* FDDBaseTableViewCell.swift */; };
		D903486C1E541D6300C9F626 /* FDDTableViewConverter.swift in Sources */ = {isa = PBXBuildFile; fileRef = D90348681E541D6300C9F626 /* FDDTableViewConverter.swift */; };
		D903486D1E541D6300C9F626 /* FDDBaseCellModel.swift in Sources */ = {isa = PBXBuildFile; fileRef = D90348691E541D6300C9F626 /* FDDBaseCellModel.swift */; };
		D903486E1E541D6300C9F626 /* FDDBaseTableViewController.swift in Sources */ = {isa = PBXBuildFile; fileRef = D903486A1E541D6300C9F626 /* FDDBaseTableViewController.swift */; };
		D90348821E5596A400C9F626 /* README.md in Sources */ = {isa = PBXBuildFile; fileRef = D90348811E5596A400C9F626 /* README.md */; };
		D98FBB8A1E76A3DB008EDDC1 /* FDDPullToRefresh.swift in Sources */ = {isa = PBXBuildFile; fileRef = D98FBB891E76A3DB008EDDC1 /* FDDPullToRefresh.swift */; };
		D98FBBA01E77BB8D008EDDC1 /* FDDUITableViewDemoSwift.podspec in Resources */ = {isa = PBXBuildFile; fileRef = D98FBB9F1E77BB8D008EDDC1 /* FDDUITableViewDemoSwift.podspec */; };
		D98FBBE91E77D278008EDDC1 /* fdd_logo_refresh_circle@2x.png in Resources */ = {isa = PBXBuildFile; fileRef = D98FBBE71E77D278008EDDC1 /* fdd_logo_refresh_circle@2x.png */; };
		D98FBBEA1E77D278008EDDC1 /* fdd_logo_refresh_circle@3x.png in Resources */ = {isa = PBXBuildFile; fileRef = D98FBBE81E77D278008EDDC1 /* fdd_logo_refresh_circle@3x.png */; };
		D98FBBED1E77D282008EDDC1 /* fdd_logo_refresh@2x.png in Resources */ = {isa = PBXBuildFile; fileRef = D98FBBEB1E77D282008EDDC1 /* fdd_logo_refresh@2x.png */; };
		D98FBBEE1E77D282008EDDC1 /* fdd_logo_refresh@3x.png in Resources */ = {isa = PBXBuildFile; fileRef = D98FBBEC1E77D282008EDDC1 /* fdd_logo_refresh@3x.png */; };
		D9DA5BB71E5EA5D4000AE387 /* ViewController2.swift in Sources */ = {isa = PBXBuildFile; fileRef = D9DA5BB61E5EA5D4000AE387 /* ViewController2.swift */; };
/* End PBXBuildFile section */

/* Begin PBXFileReference section */
		9053DFAEC95C565E6D4386A7 /* Pods-FDDUITableViewDemoSwift.debug.xcconfig */ = {isa = PBXFileReference; includeInIndex = 1; lastKnownFileType = text.xcconfig; name = "Pods-FDDUITableViewDemoSwift.debug.xcconfig"; path = "Pods/Target Support Files/Pods-FDDUITableViewDemoSwift/Pods-FDDUITableViewDemoSwift.debug.xcconfig"; sourceTree = "<group>"; };
		938E67FE327BFB3E6CE35FA8 /* Pods_FDDUITableViewDemoSwift.framework */ = {isa = PBXFileReference; explicitFileType = wrapper.framework; includeInIndex = 0; path = Pods_FDDUITableViewDemoSwift.framework; sourceTree = BUILT_PRODUCTS_DIR; };
		D903484E1E541CD500C9F626 /* AppDelegate.swift */ = {isa = PBXFileReference; fileEncoding = 4; lastKnownFileType = sourcecode.swift; path = AppDelegate.swift; sourceTree = "<group>"; };
		D903484F1E541CD500C9F626 /* Assets.xcassets */ = {isa = PBXFileReference; lastKnownFileType = folder.assetcatalog; path = Assets.xcassets; sourceTree = "<group>"; };
		D90348511E541CD500C9F626 /* Base */ = {isa = PBXFileReference; lastKnownFileType = file.storyboard; name = Base; path = Base.lproj/LaunchScreen.storyboard; sourceTree = "<group>"; };
		D90348531E541CD500C9F626 /* Base */ = {isa = PBXFileReference; lastKnownFileType = file.storyboard; name = Base; path = Base.lproj/Main.storyboard; sourceTree = "<group>"; };
		D90348581E541CD500C9F626 /* HDTableViewCell.swift */ = {isa = PBXFileReference; fileEncoding = 4; lastKnownFileType = sourcecode.swift; path = HDTableViewCell.swift; sourceTree = "<group>"; };
		D90348591E541CD500C9F626 /* Info.plist */ = {isa = PBXFileReference; fileEncoding = 4; lastKnownFileType = text.plist.xml; path = Info.plist; sourceTree = "<group>"; };
		D903485A1E541CD500C9F626 /* ViewController.swift */ = {isa = PBXFileReference; fileEncoding = 4; lastKnownFileType = sourcecode.swift; path = ViewController.swift; sourceTree = "<group>"; };
		D90348671E541D6300C9F626 /* FDDBaseTableViewCell.swift */ = {isa = PBXFileReference; fileEncoding = 4; lastKnownFileType = sourcecode.swift; path = FDDBaseTableViewCell.swift; sourceTree = "<group>"; };
		D90348681E541D6300C9F626 /* FDDTableViewConverter.swift */ = {isa = PBXFileReference; fileEncoding = 4; lastKnownFileType = sourcecode.swift; path = FDDTableViewConverter.swift; sourceTree = "<group>"; };
		D90348691E541D6300C9F626 /* FDDBaseCellModel.swift */ = {isa = PBXFileReference; fileEncoding = 4; lastKnownFileType = sourcecode.swift; path = FDDBaseCellModel.swift; sourceTree = "<group>"; };
		D903486A1E541D6300C9F626 /* FDDBaseTableViewController.swift */ = {isa = PBXFileReference; fileEncoding = 4; lastKnownFileType = sourcecode.swift; path = FDDBaseTableViewController.swift; sourceTree = "<group>"; };
		D90348811E5596A400C9F626 /* README.md */ = {isa = PBXFileReference; fileEncoding = 4; lastKnownFileType = net.daringfireball.markdown; path = README.md; sourceTree = "<group>"; };
		D98FBB891E76A3DB008EDDC1 /* FDDPullToRefresh.swift */ = {isa = PBXFileReference; fileEncoding = 4; lastKnownFileType = sourcecode.swift; path = FDDPullToRefresh.swift; sourceTree = "<group>"; };
		D98FBB9F1E77BB8D008EDDC1 /* FDDUITableViewDemoSwift.podspec */ = {isa = PBXFileReference; explicitFileType = text.script.ruby; fileEncoding = 4; lineEnding = 0; path = FDDUITableViewDemoSwift.podspec; sourceTree = SOURCE_ROOT; usesTabs = 0; };
		D98FBBE71E77D278008EDDC1 /* fdd_logo_refresh_circle@2x.png */ = {isa = PBXFileReference; lastKnownFileType = image.png; path = "fdd_logo_refresh_circle@2x.png"; sourceTree = "<group>"; };
		D98FBBE81E77D278008EDDC1 /* fdd_logo_refresh_circle@3x.png */ = {isa = PBXFileReference; lastKnownFileType = image.png; path = "fdd_logo_refresh_circle@3x.png"; sourceTree = "<group>"; };
		D98FBBEB1E77D282008EDDC1 /* fdd_logo_refresh@2x.png */ = {isa = PBXFileReference; lastKnownFileType = image.png; path = "fdd_logo_refresh@2x.png"; sourceTree = "<group>"; };
		D98FBBEC1E77D282008EDDC1 /* fdd_logo_refresh@3x.png */ = {isa = PBXFileReference; lastKnownFileType = image.png; path = "fdd_logo_refresh@3x.png"; sourceTree = "<group>"; };
		D9DA5BB61E5EA5D4000AE387 /* ViewController2.swift */ = {isa = PBXFileReference; fileEncoding = 4; lastKnownFileType = sourcecode.swift; path = ViewController2.swift; sourceTree = "<group>"; };
		D9FDC5BD1E49C01D00F2A60F /* FDDUITableViewDemoSwift.app */ = {isa = PBXFileReference; explicitFileType = wrapper.application; includeInIndex = 0; path = FDDUITableViewDemoSwift.app; sourceTree = BUILT_PRODUCTS_DIR; };
		F2E7B0FFCD97D761C0FFB168 /* Pods-FDDUITableViewDemoSwift.release.xcconfig */ = {isa = PBXFileReference; includeInIndex = 1; lastKnownFileType = text.xcconfig; name = "Pods-FDDUITableViewDemoSwift.release.xcconfig"; path = "Pods/Target Support Files/Pods-FDDUITableViewDemoSwift/Pods-FDDUITableViewDemoSwift.release.xcconfig"; sourceTree = "<group>"; };
/* End PBXFileReference section */

/* Begin PBXFrameworksBuildPhase section */
		D9FDC5BA1E49C01D00F2A60F /* Frameworks */ = {
			isa = PBXFrameworksBuildPhase;
			buildActionMask = 2147483647;
			files = (
				117BD991BB9C2D627CAF0627 /* Pods_FDDUITableViewDemoSwift.framework in Frameworks */,
			);
			runOnlyForDeploymentPostprocessing = 0;
		};
/* End PBXFrameworksBuildPhase section */

/* Begin PBXGroup section */
		34E6CED7847EC635B82B1B3B /* Pods */ = {
			isa = PBXGroup;
			children = (
				9053DFAEC95C565E6D4386A7 /* Pods-FDDUITableViewDemoSwift.debug.xcconfig */,
				F2E7B0FFCD97D761C0FFB168 /* Pods-FDDUITableViewDemoSwift.release.xcconfig */,
			);
			name = Pods;
			sourceTree = "<group>";
		};
		D903484D1E541CD500C9F626 /* FDDUITableViewDemoSwift */ = {
			isa = PBXGroup;
			children = (
				D98FBB9F1E77BB8D008EDDC1 /* FDDUITableViewDemoSwift.podspec */,
				D90348811E5596A400C9F626 /* README.md */,
				D903484E1E541CD500C9F626 /* AppDelegate.swift */,
				D903485A1E541CD500C9F626 /* ViewController.swift */,
				D9DA5BB61E5EA5D4000AE387 /* ViewController2.swift */,
				D90348581E541CD500C9F626 /* HDTableViewCell.swift */,
				D90348591E541CD500C9F626 /* Info.plist */,
				D903484F1E541CD500C9F626 /* Assets.xcassets */,
				D90348501E541CD500C9F626 /* LaunchScreen.storyboard */,
				D90348521E541CD500C9F626 /* Main.storyboard */,
				D90348661E541D4600C9F626 /* FDDBaseRepo */,
			);
			path = FDDUITableViewDemoSwift;
			sourceTree = "<group>";
		};
		D90348661E541D4600C9F626 /* FDDBaseRepo */ = {
			isa = PBXGroup;
			children = (
				D903486A1E541D6300C9F626 /* FDDBaseTableViewController.swift */,
				D90348681E541D6300C9F626 /* FDDTableViewConverter.swift */,
				D90348671E541D6300C9F626 /* FDDBaseTableViewCell.swift */,
				D90348691E541D6300C9F626 /* FDDBaseCellModel.swift */,
				D98FBB891E76A3DB008EDDC1 /* FDDPullToRefresh.swift */,
				D98FBBE61E77D26D008EDDC1 /* Resources */,
			);
			path = FDDBaseRepo;
			sourceTree = "<group>";
		};
		D98FBBE61E77D26D008EDDC1 /* Resources */ = {
			isa = PBXGroup;
			children = (
				D98FBBEB1E77D282008EDDC1 /* fdd_logo_refresh@2x.png */,
				D98FBBEC1E77D282008EDDC1 /* fdd_logo_refresh@3x.png */,
				D98FBBE71E77D278008EDDC1 /* fdd_logo_refresh_circle@2x.png */,
				D98FBBE81E77D278008EDDC1 /* fdd_logo_refresh_circle@3x.png */,
			);
			path = Resources;
			sourceTree = "<group>";
		};
		D9FDC5B41E49C01D00F2A60F = {
			isa = PBXGroup;
			children = (
				D903484D1E541CD500C9F626 /* FDDUITableViewDemoSwift */,
				D9FDC5BE1E49C01D00F2A60F /* Products */,
				34E6CED7847EC635B82B1B3B /* Pods */,
				E98234260B2DA9BDECE8C7D8 /* Frameworks */,
			);
			sourceTree = "<group>";
		};
		D9FDC5BE1E49C01D00F2A60F /* Products */ = {
			isa = PBXGroup;
			children = (
				D9FDC5BD1E49C01D00F2A60F /* FDDUITableViewDemoSwift.app */,
			);
			name = Products;
			sourceTree = "<group>";
		};
		E98234260B2DA9BDECE8C7D8 /* Frameworks */ = {
			isa = PBXGroup;
			children = (
				938E67FE327BFB3E6CE35FA8 /* Pods_FDDUITableViewDemoSwift.framework */,
			);
			name = Frameworks;
			sourceTree = "<group>";
		};
/* End PBXGroup section */

/* Begin PBXNativeTarget section */
		D9FDC5BC1E49C01D00F2A60F /* FDDUITableViewDemoSwift */ = {
			isa = PBXNativeTarget;
			buildConfigurationList = D9FDC5CF1E49C01D00F2A60F /* Build configuration list for PBXNativeTarget "FDDUITableViewDemoSwift" */;
			buildPhases = (
				24C75AE3AAA5826C476B4DFF /* [CP] Check Pods Manifest.lock */,
				D9FDC5B91E49C01D00F2A60F /* Sources */,
				D9FDC5BA1E49C01D00F2A60F /* Frameworks */,
				D9FDC5BB1E49C01D00F2A60F /* Resources */,
				80610A355FE8597E31E7565E /* [CP] Embed Pods Frameworks */,
				83F2585EFB8C2A5955F104EF /* [CP] Copy Pods Resources */,
			);
			buildRules = (
			);
			dependencies = (
			);
			name = FDDUITableViewDemoSwift;
			productName = FDDUITableViewDemo;
			productReference = D9FDC5BD1E49C01D00F2A60F /* FDDUITableViewDemoSwift.app */;
			productType = "com.apple.product-type.application";
		};
/* End PBXNativeTarget section */

/* Begin PBXProject section */
		D9FDC5B51E49C01D00F2A60F /* Project object */ = {
			isa = PBXProject;
			attributes = {
				LastSwiftUpdateCheck = 0820;
				LastUpgradeCheck = 0820;
				ORGANIZATIONNAME = denglibing;
				TargetAttributes = {
					D9FDC5BC1E49C01D00F2A60F = {
						CreatedOnToolsVersion = 8.2.1;
						DevelopmentTeam = B9FH944VTE;
						LastSwiftMigration = 0820;
						ProvisioningStyle = Manual;
					};
				};
			};
			buildConfigurationList = D9FDC5B81E49C01D00F2A60F /* Build configuration list for PBXProject "FDDUITableViewDemoSwift" */;
			compatibilityVersion = "Xcode 3.2";
			developmentRegion = English;
			hasScannedForEncodings = 0;
			knownRegions = (
				en,
				Base,
			);
			mainGroup = D9FDC5B41E49C01D00F2A60F;
			productRefGroup = D9FDC5BE1E49C01D00F2A60F /* Products */;
			projectDirPath = "";
			projectRoot = "";
			targets = (
				D9FDC5BC1E49C01D00F2A60F /* FDDUITableViewDemoSwift */,
			);
		};
/* End PBXProject section */

/* Begin PBXResourcesBuildPhase section */
		D9FDC5BB1E49C01D00F2A60F /* Resources */ = {
			isa = PBXResourcesBuildPhase;
			buildActionMask = 2147483647;
			files = (
				D903485C1E541CD500C9F626 /* Assets.xcassets in Resources */,
				D98FBBEA1E77D278008EDDC1 /* fdd_logo_refresh_circle@3x.png in Resources */,
				D903485E1E541CD500C9F626 /* Main.storyboard in Resources */,
				D98FBBEE1E77D282008EDDC1 /* fdd_logo_refresh@3x.png in Resources */,
				D98FBBE91E77D278008EDDC1 /* fdd_logo_refresh_circle@2x.png in Resources */,
				D98FBBA01E77BB8D008EDDC1 /* FDDUITableViewDemoSwift.podspec in Resources */,
				D903485D1E541CD500C9F626 /* LaunchScreen.storyboard in Resources */,
				D90348641E541CD500C9F626 /* Info.plist in Resources */,
				D98FBBED1E77D282008EDDC1 /* fdd_logo_refresh@2x.png in Resources */,
			);
			runOnlyForDeploymentPostprocessing = 0;
		};
/* End PBXResourcesBuildPhase section */

/* Begin PBXShellScriptBuildPhase section */
		24C75AE3AAA5826C476B4DFF /* [CP] Check Pods Manifest.lock */ = {
			isa = PBXShellScriptBuildPhase;
			buildActionMask = 2147483647;
			files = (
			);
			inputPaths = (
			);
			name = "[CP] Check Pods Manifest.lock";
			outputPaths = (
			);
			runOnlyForDeploymentPostprocessing = 0;
			shellPath = /bin/sh;
			shellScript = "diff \"${PODS_PODFILE_DIR_PATH}/Podfile.lock\" \"${PODS_ROOT}/Manifest.lock\" > /dev/null\nif [ $? != 0 ] ; then\n    # print error to STDERR\n    echo \"error: The sandbox is not in sync with the Podfile.lock. Run 'pod install' or update your CocoaPods installation.\" >&2\n    exit 1\nfi\n";
			showEnvVarsInLog = 0;
		};
		80610A355FE8597E31E7565E /* [CP] Embed Pods Frameworks */ = {
			isa = PBXShellScriptBuildPhase;
			buildActionMask = 2147483647;
			files = (
			);
			inputPaths = (
			);
			name = "[CP] Embed Pods Frameworks";
			outputPaths = (
			);
			runOnlyForDeploymentPostprocessing = 0;
			shellPath = /bin/sh;
			shellScript = "\"${SRCROOT}/Pods/Target Support Files/Pods-FDDUITableViewDemoSwift/Pods-FDDUITableViewDemoSwift-frameworks.sh\"\n";
			showEnvVarsInLog = 0;
		};
		83F2585EFB8C2A5955F104EF /* [CP] Copy Pods Resources */ = {
			isa = PBXShellScriptBuildPhase;
			buildActionMask = 2147483647;
			files = (
			);
			inputPaths = (
			);
			name = "[CP] Copy Pods Resources";
			outputPaths = (
			);
			runOnlyForDeploymentPostprocessing = 0;
			shellPath = /bin/sh;
			shellScript = "\"${SRCROOT}/Pods/Target Support Files/Pods-FDDUITableViewDemoSwift/Pods-FDDUITableViewDemoSwift-resources.sh\"\n";
			showEnvVarsInLog = 0;
		};
/* End PBXShellScriptBuildPhase section */

/* Begin PBXSourcesBuildPhase section */
		D9FDC5B91E49C01D00F2A60F /* Sources */ = {
			isa = PBXSourcesBuildPhase;
			buildActionMask = 2147483647;
			files = (
				D903485B1E541CD500C9F626 /* AppDelegate.swift in Sources */,
				D903486D1E541D6300C9F626 /* FDDBaseCellModel.swift in Sources */,
				D9DA5BB71E5EA5D4000AE387 /* ViewController2.swift in Sources */,
				D903486B1E541D6300C9F626 /* FDDBaseTableViewCell.swift in Sources */,
				D90348651E541CD500C9F626 /* ViewController.swift in Sources */,
				D90348631E541CD500C9F626 /* HDTableViewCell.swift in Sources */,
				D98FBB8A1E76A3DB008EDDC1 /* FDDPullToRefresh.swift in Sources */,
				D903486E1E541D6300C9F626 /* FDDBaseTableViewController.swift in Sources */,
				D90348821E5596A400C9F626 /* README.md in Sources */,
				D903486C1E541D6300C9F626 /* FDDTableViewConverter.swift in Sources */,
			);
			runOnlyForDeploymentPostprocessing = 0;
		};
/* End PBXSourcesBuildPhase section */

/* Begin PBXVariantGroup section */
		D90348501E541CD500C9F626 /* LaunchScreen.storyboard */ = {
			isa = PBXVariantGroup;
			children = (
				D90348511E541CD500C9F626 /* Base */,
			);
			name = LaunchScreen.storyboard;
			sourceTree = "<group>";
		};
		D90348521E541CD500C9F626 /* Main.storyboard */ = {
			isa = PBXVariantGroup;
			children = (
				D90348531E541CD500C9F626 /* Base */,
			);
			name = Main.storyboard;
			sourceTree = "<group>";
		};
/* End PBXVariantGroup section */

/* Begin XCBuildConfiguration section */
		D9FDC5CD1E49C01D00F2A60F /* Debug */ = {
			isa = XCBuildConfiguration;
			buildSettings = {
				ALWAYS_SEARCH_USER_PATHS = NO;
				CLANG_ANALYZER_NONNULL = YES;
				CLANG_CXX_LANGUAGE_STANDARD = "gnu++0x";
				CLANG_CXX_LIBRARY = "libc++";
				CLANG_ENABLE_MODULES = YES;
				CLANG_ENABLE_OBJC_ARC = YES;
				CLANG_WARN_BOOL_CONVERSION = YES;
				CLANG_WARN_CONSTANT_CONVERSION = YES;
				CLANG_WARN_DIRECT_OBJC_ISA_USAGE = YES_ERROR;
				CLANG_WARN_DOCUMENTATION_COMMENTS = YES;
				CLANG_WARN_EMPTY_BODY = YES;
				CLANG_WARN_ENUM_CONVERSION = YES;
				CLANG_WARN_INFINITE_RECURSION = YES;
				CLANG_WARN_INT_CONVERSION = YES;
				CLANG_WARN_OBJC_ROOT_CLASS = YES_ERROR;
				CLANG_WARN_SUSPICIOUS_MOVE = YES;
				CLANG_WARN_UNREACHABLE_CODE = YES;
				CLANG_WARN__DUPLICATE_METHOD_MATCH = YES;
				"CODE_SIGN_IDENTITY[sdk=iphoneos*]" = "iPhone Developer";
				COPY_PHASE_STRIP = NO;
				DEBUG_INFORMATION_FORMAT = dwarf;
				ENABLE_STRICT_OBJC_MSGSEND = YES;
				ENABLE_TESTABILITY = YES;
				GCC_C_LANGUAGE_STANDARD = gnu99;
				GCC_DYNAMIC_NO_PIC = NO;
				GCC_NO_COMMON_BLOCKS = YES;
				GCC_OPTIMIZATION_LEVEL = 0;
				GCC_PREPROCESSOR_DEFINITIONS = (
					"DEBUG=1",
					"$(inherited)",
				);
				GCC_WARN_64_TO_32_BIT_CONVERSION = YES;
				GCC_WARN_ABOUT_RETURN_TYPE = YES_ERROR;
				GCC_WARN_UNDECLARED_SELECTOR = YES;
				GCC_WARN_UNINITIALIZED_AUTOS = YES_AGGRESSIVE;
				GCC_WARN_UNUSED_FUNCTION = YES;
				GCC_WARN_UNUSED_VARIABLE = YES;
				IPHONEOS_DEPLOYMENT_TARGET = 10.2;
				MTL_ENABLE_DEBUG_INFO = YES;
				ONLY_ACTIVE_ARCH = YES;
				SDKROOT = iphoneos;
				SWIFT_ACTIVE_COMPILATION_CONDITIONS = DEBUG;
				SWIFT_OPTIMIZATION_LEVEL = "-Onone";
			};
			name = Debug;
		};
		D9FDC5CE1E49C01D00F2A60F /* Release */ = {
			isa = XCBuildConfiguration;
			buildSettings = {
				ALWAYS_SEARCH_USER_PATHS = NO;
				CLANG_ANALYZER_NONNULL = YES;
				CLANG_CXX_LANGUAGE_STANDARD = "gnu++0x";
				CLANG_CXX_LIBRARY = "libc++";
				CLANG_ENABLE_MODULES = YES;
				CLANG_ENABLE_OBJC_ARC = YES;
				CLANG_WARN_BOOL_CONVERSION = YES;
				CLANG_WARN_CONSTANT_CONVERSION = YES;
				CLANG_WARN_DIRECT_OBJC_ISA_USAGE = YES_ERROR;
				CLANG_WARN_DOCUMENTATION_COMMENTS = YES;
				CLANG_WARN_EMPTY_BODY = YES;
				CLANG_WARN_ENUM_CONVERSION = YES;
				CLANG_WARN_INFINITE_RECURSION = YES;
				CLANG_WARN_INT_CONVERSION = YES;
				CLANG_WARN_OBJC_ROOT_CLASS = YES_ERROR;
				CLANG_WARN_SUSPICIOUS_MOVE = YES;
				CLANG_WARN_UNREACHABLE_CODE = YES;
				CLANG_WARN__DUPLICATE_METHOD_MATCH = YES;
				"CODE_SIGN_IDENTITY[sdk=iphoneos*]" = "iPhone Developer";
				COPY_PHASE_STRIP = NO;
				DEBUG_INFORMATION_FORMAT = "dwarf-with-dsym";
				ENABLE_NS_ASSERTIONS = NO;
				ENABLE_STRICT_OBJC_MSGSEND = YES;
				GCC_C_LANGUAGE_STANDARD = gnu99;
				GCC_NO_COMMON_BLOCKS = YES;
				GCC_WARN_64_TO_32_BIT_CONVERSION = YES;
				GCC_WARN_ABOUT_RETURN_TYPE = YES_ERROR;
				GCC_WARN_UNDECLARED_SELECTOR = YES;
				GCC_WARN_UNINITIALIZED_AUTOS = YES_AGGRESSIVE;
				GCC_WARN_UNUSED_FUNCTION = YES;
				GCC_WARN_UNUSED_VARIABLE = YES;
				IPHONEOS_DEPLOYMENT_TARGET = 10.2;
				MTL_ENABLE_DEBUG_INFO = NO;
				SDKROOT = iphoneos;
				SWIFT_OPTIMIZATION_LEVEL = "-Owholemodule";
				VALIDATE_PRODUCT = YES;
			};
			name = Release;
		};
		D9FDC5D01E49C01D00F2A60F /* Debug */ = {
			isa = XCBuildConfiguration;
			baseConfigurationReference = 9053DFAEC95C565E6D4386A7 /* Pods-FDDUITableViewDemoSwift.debug.xcconfig */;
			buildSettings = {
				ASSETCATALOG_COMPILER_APPICON_NAME = AppIcon;
				CLANG_ENABLE_MODULES = YES;
				DEVELOPMENT_TEAM = B9FH944VTE;
				INFOPLIST_FILE = FDDUITableViewDemoSwift/Info.plist;
				LD_RUNPATH_SEARCH_PATHS = "$(inherited) @executable_path/Frameworks";
				PRODUCT_BUNDLE_IDENTIFIER = com.harry.FDDUITableViewDemo;
				PRODUCT_NAME = "$(TARGET_NAME)";
				PROVISIONING_PROFILE = "47c59c2c-9929-44d7-84cf-3d573ebaebbc";
				PROVISIONING_PROFILE_SPECIFIER = wildcard_dev;
				SWIFT_OBJC_BRIDGING_HEADER = "";
				SWIFT_OPTIMIZATION_LEVEL = "-Onone";
				SWIFT_VERSION = 3.0;
			};
			name = Debug;
		};
		D9FDC5D11E49C01D00F2A60F /* Release */ = {
			isa = XCBuildConfiguration;
			baseConfigurationReference = F2E7B0FFCD97D761C0FFB168 /* Pods-FDDUITableViewDemoSwift.release.xcconfig */;
			buildSettings = {
				ASSETCATALOG_COMPILER_APPICON_NAME = AppIcon;
				CLANG_ENABLE_MODULES = YES;
				DEVELOPMENT_TEAM = "";
				INFOPLIST_FILE = FDDUITableViewDemoSwift/Info.plist;
				LD_RUNPATH_SEARCH_PATHS = "$(inherited) @executable_path/Frameworks";
				PRODUCT_BUNDLE_IDENTIFIER = com.harry.FDDUITableViewDemo;
				PRODUCT_NAME = "$(TARGET_NAME)";
				SWIFT_OBJC_BRIDGING_HEADER = "";
				SWIFT_VERSION = 3.0;
			};
			name = Release;
		};
/* End XCBuildConfiguration section */

/* Begin XCConfigurationList section */
		D9FDC5B81E49C01D00F2A60F /* Build configuration list for PBXProject "FDDUITableViewDemoSwift" */ = {
			isa = XCConfigurationList;
			buildConfigurations = (
				D9FDC5CD1E49C01D00F2A60F /* Debug */,
				D9FDC5CE1E49C01D00F2A60F /* Release */,
			);
			defaultConfigurationIsVisible = 0;
			defaultConfigurationName = Release;
		};
		D9FDC5CF1E49C01D00F2A60F /* Build configuration list for PBXNativeTarget "FDDUITableViewDemoSwift" */ = {
			isa = XCConfigurationList;
			buildConfigurations = (
				D9FDC5D01E49C01D00F2A60F /* Debug */,
				D9FDC5D11E49C01D00F2A60F /* Release */,
			);
			defaultConfigurationIsVisible = 0;
			defaultConfigurationName = Release;
		};
/* End XCConfigurationList section */
	};
	rootObject = D9FDC5B51E49C01D00F2A60F /* Project object */;
}
